
Microsoft Visual Studio Solution File, Format Version 12.00
# Visual Studio Version 17
VisualStudioVersion = 17.8.34316.72
MinimumVisualStudioVersion = 10.0.40219.1
Project("{9A19103F-16F7-4668-BE54-9A1E7A4F7556}") = "Ik-Bitirme.Application", "Ik-Bitirme.Application\Ik-Bitirme.Application.csproj", "{E7715871-B2C0-4966-95CC-24E28E3A2997}"
EndProject
Project("{9A19103F-16F7-4668-BE54-9A1E7A4F7556}") = "Ik-Bitirme.Domain", "Ik-Bitirme.Domain\Ik-Bitirme.Domain.csproj", "{98D67FB8-65D6-4962-B342-08869C5683DC}"
EndProject
Project("{9A19103F-16F7-4668-BE54-9A1E7A4F7556}") = "Ik-Bitirme.Infrastructure", "Ik-Bitirme.Infrastructure\Ik-Bitirme.Infrastructure.csproj", "{359E7955-C8DA-48BE-84CD-341A4DD222D9}"
EndProject
Project("{9A19103F-16F7-4668-BE54-9A1E7A4F7556}") = "Ik-Bitirme.IkApi", "Ik-Bitirme.IkApi\Ik-Bitirme.IkApi.csproj", "{F001EF29-4FF0-4DF7-A130-326B311263E9}"
EndProject
Global
	GlobalSection(SolutionConfigurationPlatforms) = preSolution
		Debug|Any CPU = Debug|Any CPU
		Release|Any CPU = Release|Any CPU
	EndGlobalSection
	GlobalSection(ProjectConfigurationPlatforms) = postSolution
		{E7715871-B2C0-4966-95CC-24E28E3A2997}.Debug|Any CPU.ActiveCfg = Debug|Any CPU
		{E7715871-B2C0-4966-95CC-24E28E3A2997}.Debug|Any CPU.Build.0 = Debug|Any CPU
		{E7715871-B2C0-4966-95CC-24E28E3A2997}.Release|Any CPU.ActiveCfg = Release|Any CPU
		{E7715871-B2C0-4966-95CC-24E28E3A2997}.Release|Any CPU.Build.0 = Release|Any CPU
		{98D67FB8-65D6-4962-B342-08869C5683DC}.Debug|Any CPU.ActiveCfg = Debug|Any CPU
		{98D67FB8-65D6-4962-B342-08869C5683DC}.Debug|Any CPU.Build.0 = Debug|Any CPU
		{98D67FB8-65D6-4962-B342-08869C5683DC}.Release|Any CPU.ActiveCfg = Release|Any CPU
		{98D67FB8-65D6-4962-B342-08869C5683DC}.Release|Any CPU.Build.0 = Release|Any CPU
		{359E7955-C8DA-48BE-84CD-341A4DD222D9}.Debug|Any CPU.ActiveCfg = Debug|Any CPU
		{359E7955-C8DA-48BE-84CD-341A4DD222D9}.Debug|Any CPU.Build.0 = Debug|Any CPU
		{359E7955-C8DA-48BE-84CD-341A4DD222D9}.Release|Any CPU.ActiveCfg = Release|Any CPU
		{359E7955-C8DA-48BE-84CD-341A4DD222D9}.Release|Any CPU.Build.0 = Release|Any CPU
		{F001EF29-4FF0-4DF7-A130-326B311263E9}.Debug|Any CPU.ActiveCfg = Debug|Any CPU
		{F001EF29-4FF0-4DF7-A130-326B311263E9}.Debug|Any CPU.Build.0 = Debug|Any CPU
		{F001EF29-4FF0-4DF7-A130-326B311263E9}.Release|Any CPU.ActiveCfg = Release|Any CPU
		{F001EF29-4FF0-4DF7-A130-326B311263E9}.Release|Any CPU.Build.0 = Release|Any CPU
	EndGlobalSection
	GlobalSection(SolutionProperties) = preSolution
		HideSolutionNode = FALSE
	EndGlobalSection
	GlobalSection(ExtensibilityGlobals) = postSolution
		SolutionGuid = {3872C967-543C-4639-B088-BD58EFF5C7AE}
	EndGlobalSection
EndGlobal
