
Microsoft Visual Studio Solution File, Format Version 12.00
# Visual Studio Version 17
VisualStudioVersion = 17.8.34316.72
MinimumVisualStudioVersion = 10.0.40219.1
Project("{9A19103F-16F7-4668-BE54-9A1E7A4F7556}") = "Ik.UI", "Ik.UI\Ik.UI.csproj", "{27230808-1A65-4F85-94A1-4072B4CB3FEB}"
EndProject
Project("{FAE04EC0-301F-11D3-BF4B-00C04F79EFBC}") = "IkMvc.Application", "IkMvc.Application\IkMvc.Application.csproj", "{9E934A76-0DD1-4A1B-A6DB-1837D308140F}"
EndProject
Global
	GlobalSection(SolutionConfigurationPlatforms) = preSolution
		Debug|Any CPU = Debug|Any CPU
		Release|Any CPU = Release|Any CPU
	EndGlobalSection
	GlobalSection(ProjectConfigurationPlatforms) = postSolution
		{27230808-1A65-4F85-94A1-4072B4CB3FEB}.Debug|Any CPU.ActiveCfg = Debug|Any CPU
		{27230808-1A65-4F85-94A1-4072B4CB3FEB}.Debug|Any CPU.Build.0 = Debug|Any CPU
		{27230808-1A65-4F85-94A1-4072B4CB3FEB}.Release|Any CPU.ActiveCfg = Release|Any CPU
		{27230808-1A65-4F85-94A1-4072B4CB3FEB}.Release|Any CPU.Build.0 = Release|Any CPU
		{9E934A76-0DD1-4A1B-A6DB-1837D308140F}.Debug|Any CPU.ActiveCfg = Debug|Any CPU
		{9E934A76-0DD1-4A1B-A6DB-1837D308140F}.Debug|Any CPU.Build.0 = Debug|Any CPU
		{9E934A76-0DD1-4A1B-A6DB-1837D308140F}.Release|Any CPU.ActiveCfg = Release|Any CPU
		{9E934A76-0DD1-4A1B-A6DB-1837D308140F}.Release|Any CPU.Build.0 = Release|Any CPU
	EndGlobalSection
	GlobalSection(SolutionProperties) = preSolution
		HideSolutionNode = FALSE
	EndGlobalSection
	GlobalSection(ExtensibilityGlobals) = postSolution
		SolutionGuid = {59D004F8-A86D-4807-A511-93CC9C756C38}
	EndGlobalSection
EndGlobal
